
Microsoft Visual Studio Solution File, Format Version 12.00
# Visual Studio Version 17
VisualStudioVersion = 17.13.35913.81 d17.13
MinimumVisualStudioVersion = 10.0.40219.1
Project("{FAE04EC0-301F-11D3-BF4B-00C04F79EFBC}") = "KutuphaneYonetimSistemi v4", "KutuphaneYonetimSistemi v4\KutuphaneYonetimSistemi v4.csproj", "{22CD4417-C72C-4DD7-ABAA-1BA819F55663}"
EndProject
Global
	GlobalSection(SolutionConfigurationPlatforms) = preSolution
		Debug|Any CPU = Debug|Any CPU
		Release|Any CPU = Release|Any CPU
	EndGlobalSection
	GlobalSection(ProjectConfigurationPlatforms) = postSolution
		{22CD4417-C72C-4DD7-ABAA-1BA819F55663}.Debug|Any CPU.ActiveCfg = Debug|Any CPU
		{22CD4417-C72C-4DD7-ABAA-1BA819F55663}.Debug|Any CPU.Build.0 = Debug|Any CPU
		{22CD4417-C72C-4DD7-ABAA-1BA819F55663}.Release|Any CPU.ActiveCfg = Release|Any CPU
		{22CD4417-C72C-4DD7-ABAA-1BA819F55663}.Release|Any CPU.Build.0 = Release|Any CPU
	EndGlobalSection
	GlobalSection(SolutionProperties) = preSolution
		HideSolutionNode = FALSE
	EndGlobalSection
	GlobalSection(ExtensibilityGlobals) = postSolution
		SolutionGuid = {8F3F5997-44E6-4BD9-9191-EB0908BF5F69}
	EndGlobalSection
EndGlobal
